
Microsoft Visual Studio Solution File, Format Version 12.00
# Visual Studio Version 17
VisualStudioVersion = 17.6.33815.320
MinimumVisualStudioVersion = 10.0.40219.1
Project("{FAE04EC0-301F-11D3-BF4B-00C04F79EFBC}") = "5TI_VA_ResolutionDEquations3Inconnue", "5TI_VA_ResolutionDEquations3Inconnue.csproj", "{0B309422-66C0-4F37-82FB-062FEBF0793E}"
EndProject
Global
	GlobalSection(SolutionConfigurationPlatforms) = preSolution
		Debug|Any CPU = Debug|Any CPU
		Release|Any CPU = Release|Any CPU
	EndGlobalSection
	GlobalSection(ProjectConfigurationPlatforms) = postSolution
		{0B309422-66C0-4F37-82FB-062FEBF0793E}.Debug|Any CPU.ActiveCfg = Debug|Any CPU
		{0B309422-66C0-4F37-82FB-062FEBF0793E}.Debug|Any CPU.Build.0 = Debug|Any CPU
		{0B309422-66C0-4F37-82FB-062FEBF0793E}.Release|Any CPU.ActiveCfg = Release|Any CPU
		{0B309422-66C0-4F37-82FB-062FEBF0793E}.Release|Any CPU.Build.0 = Release|Any CPU
	EndGlobalSection
	GlobalSection(SolutionProperties) = preSolution
		HideSolutionNode = FALSE
	EndGlobalSection
	GlobalSection(ExtensibilityGlobals) = postSolution
		SolutionGuid = {38231EA4-6EC5-4AE6-BC1E-B1140FC5B16A}
	EndGlobalSection
EndGlobal
