
Microsoft Visual Studio Solution File, Format Version 12.00
# Visual Studio Version 17
VisualStudioVersion = 17.5.002.0
MinimumVisualStudioVersion = 10.0.40219.1
Project("{9A19103F-16F7-4668-BE54-9A1E7A4F7556}") = "5TI_AlexandreVandervoort_ManipulationMatrices", "5TI_AlexandreVandervoort_ManipulationMatrices.csproj", "{AD1537F8-701E-4B82-A6A2-221F649E0778}"
EndProject
Global
	GlobalSection(SolutionConfigurationPlatforms) = preSolution
		Debug|Any CPU = Debug|Any CPU
		Release|Any CPU = Release|Any CPU
	EndGlobalSection
	GlobalSection(ProjectConfigurationPlatforms) = postSolution
		{AD1537F8-701E-4B82-A6A2-221F649E0778}.Debug|Any CPU.ActiveCfg = Debug|Any CPU
		{AD1537F8-701E-4B82-A6A2-221F649E0778}.Debug|Any CPU.Build.0 = Debug|Any CPU
		{AD1537F8-701E-4B82-A6A2-221F649E0778}.Release|Any CPU.ActiveCfg = Release|Any CPU
		{AD1537F8-701E-4B82-A6A2-221F649E0778}.Release|Any CPU.Build.0 = Release|Any CPU
	EndGlobalSection
	GlobalSection(SolutionProperties) = preSolution
		HideSolutionNode = FALSE
	EndGlobalSection
	GlobalSection(ExtensibilityGlobals) = postSolution
		SolutionGuid = {0374B400-A051-481D-9E33-2C636F381455}
	EndGlobalSection
EndGlobal
